// !$*UTF8*$!
{
	archiveVersion = 1;
	classes = {
	};
	objectVersion = 46;
	objects = {

/* Begin PBXBuildFile section */
		1620DC2E1ADB4FAE00CDA88A /* AppDelegate.swift in Sources */ = {isa = PBXBuildFile; fileRef = 1620DC2D1ADB4FAE00CDA88A /* AppDelegate.swift */; };
		1620DC331ADB4FAE00CDA88A /* Main.storyboard in Resources */ = {isa = PBXBuildFile; fileRef = 1620DC311ADB4FAE00CDA88A /* Main.storyboard */; };
		1620DC351ADB4FAE00CDA88A /* Images.xcassets in Resources */ = {isa = PBXBuildFile; fileRef = 1620DC341ADB4FAE00CDA88A /* Images.xcassets */; };
		1620DC381ADB4FAE00CDA88A /* LaunchScreen.xib in Resources */ = {isa = PBXBuildFile; fileRef = 1620DC361ADB4FAE00CDA88A /* LaunchScreen.xib */; };
		1620DC441ADB4FAE00CDA88A /* NomsTests.swift in Sources */ = {isa = PBXBuildFile; fileRef = 1620DC431ADB4FAE00CDA88A /* NomsTests.swift */; };
		1620DC531ADB543F00CDA88A /* Bolts.framework in Frameworks */ = {isa = PBXBuildFile; fileRef = 1620DC4D1ADB543F00CDA88A /* Bolts.framework */; };
		1620DC541ADB543F00CDA88A /* Parse.framework in Frameworks */ = {isa = PBXBuildFile; fileRef = 1620DC4E1ADB543F00CDA88A /* Parse.framework */; };
		1620DC551ADB543F00CDA88A /* ParseCrashReporting.framework in Frameworks */ = {isa = PBXBuildFile; fileRef = 1620DC4F1ADB543F00CDA88A /* ParseCrashReporting.framework */; };
		1620DC561ADB543F00CDA88A /* ParseFacebookUtils.framework in Frameworks */ = {isa = PBXBuildFile; fileRef = 1620DC501ADB543F00CDA88A /* ParseFacebookUtils.framework */; };
		1620DC571ADB543F00CDA88A /* ParseFacebookUtilsV4.framework in Frameworks */ = {isa = PBXBuildFile; fileRef = 1620DC511ADB543F00CDA88A /* ParseFacebookUtilsV4.framework */; };
		1620DC581ADB543F00CDA88A /* ParseUI.framework in Frameworks */ = {isa = PBXBuildFile; fileRef = 1620DC521ADB543F00CDA88A /* ParseUI.framework */; };
		1620DC5B1ADB548F00CDA88A /* AudioToolbox.framework in Frameworks */ = {isa = PBXBuildFile; fileRef = 1620DC5A1ADB548F00CDA88A /* AudioToolbox.framework */; };
		1620DC5D1ADB549500CDA88A /* CFNetwork.framework in Frameworks */ = {isa = PBXBuildFile; fileRef = 1620DC5C1ADB549500CDA88A /* CFNetwork.framework */; };
		1620DC5F1ADB549C00CDA88A /* CoreGraphics.framework in Frameworks */ = {isa = PBXBuildFile; fileRef = 1620DC5E1ADB549C00CDA88A /* CoreGraphics.framework */; };
		1620DC611ADB54A100CDA88A /* CoreLocation.framework in Frameworks */ = {isa = PBXBuildFile; fileRef = 1620DC601ADB54A100CDA88A /* CoreLocation.framework */; };
		1620DC631ADB54AA00CDA88A /* MobileCoreServices.framework in Frameworks */ = {isa = PBXBuildFile; fileRef = 1620DC621ADB54AA00CDA88A /* MobileCoreServices.framework */; };
		1620DC651ADB54AE00CDA88A /* QuartzCore.framework in Frameworks */ = {isa = PBXBuildFile; fileRef = 1620DC641ADB54AE00CDA88A /* QuartzCore.framework */; };
		1620DC671ADB54B300CDA88A /* Security.framework in Frameworks */ = {isa = PBXBuildFile; fileRef = 1620DC661ADB54B300CDA88A /* Security.framework */; };
		1620DC691ADB54B700CDA88A /* StoreKit.framework in Frameworks */ = {isa = PBXBuildFile; fileRef = 1620DC681ADB54B700CDA88A /* StoreKit.framework */; };
		1620DC6B1ADB54BD00CDA88A /* SystemConfiguration.framework in Frameworks */ = {isa = PBXBuildFile; fileRef = 1620DC6A1ADB54BD00CDA88A /* SystemConfiguration.framework */; };
		1620DC6D1ADB54C600CDA88A /* libz.dylib in Frameworks */ = {isa = PBXBuildFile; fileRef = 1620DC6C1ADB54C600CDA88A /* libz.dylib */; };
		1620DC6F1ADB54CD00CDA88A /* libsqlite3.dylib in Frameworks */ = {isa = PBXBuildFile; fileRef = 1620DC6E1ADB54CD00CDA88A /* libsqlite3.dylib */; };
		1620DC711ADB562B00CDA88A /* ViewController.swift in Sources */ = {isa = PBXBuildFile; fileRef = 1620DC701ADB562B00CDA88A /* ViewController.swift */; };
		1620DC731ADB566400CDA88A /* LogInViewController.swift in Sources */ = {isa = PBXBuildFile; fileRef = 1620DC721ADB566400CDA88A /* LogInViewController.swift */; };
		1620DC751ADB689F00CDA88A /* CreateUserViewController.swift in Sources */ = {isa = PBXBuildFile; fileRef = 1620DC741ADB689F00CDA88A /* CreateUserViewController.swift */; };
		1620DC771ADCF44400CDA88A /* PreferenceMenuViewController.swift in Sources */ = {isa = PBXBuildFile; fileRef = 1620DC761ADCF44400CDA88A /* PreferenceMenuViewController.swift */; };
		163245311AE5EA6700D188A9 /* ProfileListViewController.swift in Sources */ = {isa = PBXBuildFile; fileRef = 163245301AE5EA6700D188A9 /* ProfileListViewController.swift */; };
		164FD0101ADF9DAC00E02B2F /* NameProfileViewController.swift in Sources */ = {isa = PBXBuildFile; fileRef = 164FD00F1ADF9DAC00E02B2F /* NameProfileViewController.swift */; };
		16DEA5FA1AEDDAEF0010A4B6 /* RestaurantDetailViewController.swift in Sources */ = {isa = PBXBuildFile; fileRef = 16DEA5F91AEDDAEF0010A4B6 /* RestaurantDetailViewController.swift */; };
		D185B3AE1AF33BB6002C4BF3 /* OptionalMenuTableViewController.swift in Sources */ = {isa = PBXBuildFile; fileRef = D185B3AD1AF33BB6002C4BF3 /* OptionalMenuTableViewController.swift */; };
/* End PBXBuildFile section */

/* Begin PBXContainerItemProxy section */
		1620DC3E1ADB4FAE00CDA88A /* PBXContainerItemProxy */ = {
			isa = PBXContainerItemProxy;
			containerPortal = 1620DC201ADB4FAE00CDA88A /* Project object */;
			proxyType = 1;
			remoteGlobalIDString = 1620DC271ADB4FAE00CDA88A;
			remoteInfo = Noms;
		};
/* End PBXContainerItemProxy section */

/* Begin PBXFileReference section */
		1620DC281ADB4FAE00CDA88A /* Noms.app */ = {isa = PBXFileReference; explicitFileType = wrapper.application; includeInIndex = 0; path = Noms.app; sourceTree = BUILT_PRODUCTS_DIR; };
		1620DC2C1ADB4FAE00CDA88A /* Info.plist */ = {isa = PBXFileReference; lastKnownFileType = text.plist.xml; path = Info.plist; sourceTree = "<group>"; };
		1620DC2D1ADB4FAE00CDA88A /* AppDelegate.swift */ = {isa = PBXFileReference; lastKnownFileType = sourcecode.swift; path = AppDelegate.swift; sourceTree = "<group>"; };
		1620DC321ADB4FAE00CDA88A /* Base */ = {isa = PBXFileReference; lastKnownFileType = file.storyboard; name = Base; path = Base.lproj/Main.storyboard; sourceTree = "<group>"; };
		1620DC341ADB4FAE00CDA88A /* Images.xcassets */ = {isa = PBXFileReference; lastKnownFileType = folder.assetcatalog; path = Images.xcassets; sourceTree = "<group>"; };
		1620DC371ADB4FAE00CDA88A /* Base */ = {isa = PBXFileReference; lastKnownFileType = file.xib; name = Base; path = Base.lproj/LaunchScreen.xib; sourceTree = "<group>"; };
		1620DC3D1ADB4FAE00CDA88A /* NomsTests.xctest */ = {isa = PBXFileReference; explicitFileType = wrapper.cfbundle; includeInIndex = 0; path = NomsTests.xctest; sourceTree = BUILT_PRODUCTS_DIR; };
		1620DC421ADB4FAE00CDA88A /* Info.plist */ = {isa = PBXFileReference; lastKnownFileType = text.plist.xml; path = Info.plist; sourceTree = "<group>"; };
		1620DC431ADB4FAE00CDA88A /* NomsTests.swift */ = {isa = PBXFileReference; lastKnownFileType = sourcecode.swift; path = NomsTests.swift; sourceTree = "<group>"; };
		1620DC4D1ADB543F00CDA88A /* Bolts.framework */ = {isa = PBXFileReference; lastKnownFileType = wrapper.framework; path = Bolts.framework; sourceTree = "<group>"; };
		1620DC4E1ADB543F00CDA88A /* Parse.framework */ = {isa = PBXFileReference; lastKnownFileType = wrapper.framework; path = Parse.framework; sourceTree = "<group>"; };
		1620DC4F1ADB543F00CDA88A /* ParseCrashReporting.framework */ = {isa = PBXFileReference; lastKnownFileType = wrapper.framework; path = ParseCrashReporting.framework; sourceTree = "<group>"; };
		1620DC501ADB543F00CDA88A /* ParseFacebookUtils.framework */ = {isa = PBXFileReference; lastKnownFileType = wrapper.framework; path = ParseFacebookUtils.framework; sourceTree = "<group>"; };
		1620DC511ADB543F00CDA88A /* ParseFacebookUtilsV4.framework */ = {isa = PBXFileReference; lastKnownFileType = wrapper.framework; path = ParseFacebookUtilsV4.framework; sourceTree = "<group>"; };
		1620DC521ADB543F00CDA88A /* ParseUI.framework */ = {isa = PBXFileReference; lastKnownFileType = wrapper.framework; path = ParseUI.framework; sourceTree = "<group>"; };
		1620DC5A1ADB548F00CDA88A /* AudioToolbox.framework */ = {isa = PBXFileReference; lastKnownFileType = wrapper.framework; name = AudioToolbox.framework; path = System/Library/Frameworks/AudioToolbox.framework; sourceTree = SDKROOT; };
		1620DC5C1ADB549500CDA88A /* CFNetwork.framework */ = {isa = PBXFileReference; lastKnownFileType = wrapper.framework; name = CFNetwork.framework; path = System/Library/Frameworks/CFNetwork.framework; sourceTree = SDKROOT; };
		1620DC5E1ADB549C00CDA88A /* CoreGraphics.framework */ = {isa = PBXFileReference; lastKnownFileType = wrapper.framework; name = CoreGraphics.framework; path = System/Library/Frameworks/CoreGraphics.framework; sourceTree = SDKROOT; };
		1620DC601ADB54A100CDA88A /* CoreLocation.framework */ = {isa = PBXFileReference; lastKnownFileType = wrapper.framework; name = CoreLocation.framework; path = System/Library/Frameworks/CoreLocation.framework; sourceTree = SDKROOT; };
		1620DC621ADB54AA00CDA88A /* MobileCoreServices.framework */ = {isa = PBXFileReference; lastKnownFileType = wrapper.framework; name = MobileCoreServices.framework; path = System/Library/Frameworks/MobileCoreServices.framework; sourceTree = SDKROOT; };
		1620DC641ADB54AE00CDA88A /* QuartzCore.framework */ = {isa = PBXFileReference; lastKnownFileType = wrapper.framework; name = QuartzCore.framework; path = System/Library/Frameworks/QuartzCore.framework; sourceTree = SDKROOT; };
		1620DC661ADB54B300CDA88A /* Security.framework */ = {isa = PBXFileReference; lastKnownFileType = wrapper.framework; name = Security.framework; path = System/Library/Frameworks/Security.framework; sourceTree = SDKROOT; };
		1620DC681ADB54B700CDA88A /* StoreKit.framework */ = {isa = PBXFileReference; lastKnownFileType = wrapper.framework; name = StoreKit.framework; path = System/Library/Frameworks/StoreKit.framework; sourceTree = SDKROOT; };
		1620DC6A1ADB54BD00CDA88A /* SystemConfiguration.framework */ = {isa = PBXFileReference; lastKnownFileType = wrapper.framework; name = SystemConfiguration.framework; path = System/Library/Frameworks/SystemConfiguration.framework; sourceTree = SDKROOT; };
		1620DC6C1ADB54C600CDA88A /* libz.dylib */ = {isa = PBXFileReference; lastKnownFileType = "compiled.mach-o.dylib"; name = libz.dylib; path = usr/lib/libz.dylib; sourceTree = SDKROOT; };
		1620DC6E1ADB54CD00CDA88A /* libsqlite3.dylib */ = {isa = PBXFileReference; lastKnownFileType = "compiled.mach-o.dylib"; name = libsqlite3.dylib; path = usr/lib/libsqlite3.dylib; sourceTree = SDKROOT; };
		1620DC701ADB562B00CDA88A /* ViewController.swift */ = {isa = PBXFileReference; fileEncoding = 4; lastKnownFileType = sourcecode.swift; path = ViewController.swift; sourceTree = "<group>"; };
		1620DC721ADB566400CDA88A /* LogInViewController.swift */ = {isa = PBXFileReference; fileEncoding = 4; lastKnownFileType = sourcecode.swift; path = LogInViewController.swift; sourceTree = "<group>"; };
		1620DC741ADB689F00CDA88A /* CreateUserViewController.swift */ = {isa = PBXFileReference; fileEncoding = 4; lastKnownFileType = sourcecode.swift; path = CreateUserViewController.swift; sourceTree = "<group>"; };
		1620DC761ADCF44400CDA88A /* PreferenceMenuViewController.swift */ = {isa = PBXFileReference; fileEncoding = 4; lastKnownFileType = sourcecode.swift; path = PreferenceMenuViewController.swift; sourceTree = "<group>"; };
		163245301AE5EA6700D188A9 /* ProfileListViewController.swift */ = {isa = PBXFileReference; fileEncoding = 4; lastKnownFileType = sourcecode.swift; path = ProfileListViewController.swift; sourceTree = "<group>"; };
		164FD00F1ADF9DAC00E02B2F /* NameProfileViewController.swift */ = {isa = PBXFileReference; fileEncoding = 4; lastKnownFileType = sourcecode.swift; path = NameProfileViewController.swift; sourceTree = "<group>"; };
		16DEA5F91AEDDAEF0010A4B6 /* RestaurantDetailViewController.swift */ = {isa = PBXFileReference; fileEncoding = 4; lastKnownFileType = sourcecode.swift; path = RestaurantDetailViewController.swift; sourceTree = "<group>"; };
		D185B3AD1AF33BB6002C4BF3 /* OptionalMenuTableViewController.swift */ = {isa = PBXFileReference; fileEncoding = 4; lastKnownFileType = sourcecode.swift; name = OptionalMenuTableViewController.swift; path = ../OptionalMenuTableViewController.swift; sourceTree = "<group>"; };
/* End PBXFileReference section */

/* Begin PBXFrameworksBuildPhase section */
		1620DC251ADB4FAE00CDA88A /* Frameworks */ = {
			isa = PBXFrameworksBuildPhase;
			buildActionMask = 2147483647;
			files = (
				1620DC6F1ADB54CD00CDA88A /* libsqlite3.dylib in Frameworks */,
				1620DC6D1ADB54C600CDA88A /* libz.dylib in Frameworks */,
				1620DC6B1ADB54BD00CDA88A /* SystemConfiguration.framework in Frameworks */,
				1620DC691ADB54B700CDA88A /* StoreKit.framework in Frameworks */,
				1620DC671ADB54B300CDA88A /* Security.framework in Frameworks */,
				1620DC651ADB54AE00CDA88A /* QuartzCore.framework in Frameworks */,
				1620DC631ADB54AA00CDA88A /* MobileCoreServices.framework in Frameworks */,
				1620DC611ADB54A100CDA88A /* CoreLocation.framework in Frameworks */,
				1620DC5F1ADB549C00CDA88A /* CoreGraphics.framework in Frameworks */,
				1620DC5D1ADB549500CDA88A /* CFNetwork.framework in Frameworks */,
				1620DC5B1ADB548F00CDA88A /* AudioToolbox.framework in Frameworks */,
				1620DC581ADB543F00CDA88A /* ParseUI.framework in Frameworks */,
				1620DC541ADB543F00CDA88A /* Parse.framework in Frameworks */,
				1620DC551ADB543F00CDA88A /* ParseCrashReporting.framework in Frameworks */,
				1620DC561ADB543F00CDA88A /* ParseFacebookUtils.framework in Frameworks */,
				1620DC531ADB543F00CDA88A /* Bolts.framework in Frameworks */,
				1620DC571ADB543F00CDA88A /* ParseFacebookUtilsV4.framework in Frameworks */,
			);
			runOnlyForDeploymentPostprocessing = 0;
		};
		1620DC3A1ADB4FAE00CDA88A /* Frameworks */ = {
			isa = PBXFrameworksBuildPhase;
			buildActionMask = 2147483647;
			files = (
			);
			runOnlyForDeploymentPostprocessing = 0;
		};
/* End PBXFrameworksBuildPhase section */

/* Begin PBXGroup section */
		1620DC1F1ADB4FAE00CDA88A = {
			isa = PBXGroup;
			children = (
				1620DC2A1ADB4FAE00CDA88A /* Noms */,
				1620DC401ADB4FAE00CDA88A /* NomsTests */,
				1620DC291ADB4FAE00CDA88A /* Products */,
				1620DC591ADB544800CDA88A /* Frameworks */,
			);
			sourceTree = "<group>";
		};
		1620DC291ADB4FAE00CDA88A /* Products */ = {
			isa = PBXGroup;
			children = (
				1620DC281ADB4FAE00CDA88A /* Noms.app */,
				1620DC3D1ADB4FAE00CDA88A /* NomsTests.xctest */,
			);
			name = Products;
			sourceTree = "<group>";
		};
		1620DC2A1ADB4FAE00CDA88A /* Noms */ = {
			isa = PBXGroup;
			children = (
				1620DC2D1ADB4FAE00CDA88A /* AppDelegate.swift */,
				1620DC311ADB4FAE00CDA88A /* Main.storyboard */,
				D185B3AD1AF33BB6002C4BF3 /* OptionalMenuTableViewController.swift */,
				16DEA5F91AEDDAEF0010A4B6 /* RestaurantDetailViewController.swift */,
				163245301AE5EA6700D188A9 /* ProfileListViewController.swift */,
				164FD00F1ADF9DAC00E02B2F /* NameProfileViewController.swift */,
				1620DC761ADCF44400CDA88A /* PreferenceMenuViewController.swift */,
				1620DC701ADB562B00CDA88A /* ViewController.swift */,
				1620DC721ADB566400CDA88A /* LogInViewController.swift */,
				1620DC741ADB689F00CDA88A /* CreateUserViewController.swift */,
				1620DC341ADB4FAE00CDA88A /* Images.xcassets */,
				1620DC361ADB4FAE00CDA88A /* LaunchScreen.xib */,
				1620DC2B1ADB4FAE00CDA88A /* Supporting Files */,
			);
			path = Noms;
			sourceTree = "<group>";
		};
		1620DC2B1ADB4FAE00CDA88A /* Supporting Files */ = {
			isa = PBXGroup;
			children = (
				1620DC2C1ADB4FAE00CDA88A /* Info.plist */,
			);
			name = "Supporting Files";
			sourceTree = "<group>";
		};
		1620DC401ADB4FAE00CDA88A /* NomsTests */ = {
			isa = PBXGroup;
			children = (
				1620DC431ADB4FAE00CDA88A /* NomsTests.swift */,
				1620DC411ADB4FAE00CDA88A /* Supporting Files */,
			);
			path = NomsTests;
			sourceTree = "<group>";
		};
		1620DC411ADB4FAE00CDA88A /* Supporting Files */ = {
			isa = PBXGroup;
			children = (
				1620DC421ADB4FAE00CDA88A /* Info.plist */,
			);
			name = "Supporting Files";
			sourceTree = "<group>";
		};
		1620DC591ADB544800CDA88A /* Frameworks */ = {
			isa = PBXGroup;
			children = (
				1620DC6E1ADB54CD00CDA88A /* libsqlite3.dylib */,
				1620DC6C1ADB54C600CDA88A /* libz.dylib */,
				1620DC6A1ADB54BD00CDA88A /* SystemConfiguration.framework */,
				1620DC681ADB54B700CDA88A /* StoreKit.framework */,
				1620DC661ADB54B300CDA88A /* Security.framework */,
				1620DC641ADB54AE00CDA88A /* QuartzCore.framework */,
				1620DC621ADB54AA00CDA88A /* MobileCoreServices.framework */,
				1620DC601ADB54A100CDA88A /* CoreLocation.framework */,
				1620DC5E1ADB549C00CDA88A /* CoreGraphics.framework */,
				1620DC5C1ADB549500CDA88A /* CFNetwork.framework */,
				1620DC5A1ADB548F00CDA88A /* AudioToolbox.framework */,
				1620DC4D1ADB543F00CDA88A /* Bolts.framework */,
				1620DC4E1ADB543F00CDA88A /* Parse.framework */,
				1620DC4F1ADB543F00CDA88A /* ParseCrashReporting.framework */,
				1620DC501ADB543F00CDA88A /* ParseFacebookUtils.framework */,
				1620DC511ADB543F00CDA88A /* ParseFacebookUtilsV4.framework */,
				1620DC521ADB543F00CDA88A /* ParseUI.framework */,
			);
			name = Frameworks;
			sourceTree = "<group>";
		};
/* End PBXGroup section */

/* Begin PBXNativeTarget section */
		1620DC271ADB4FAE00CDA88A /* Noms */ = {
			isa = PBXNativeTarget;
			buildConfigurationList = 1620DC471ADB4FAE00CDA88A /* Build configuration list for PBXNativeTarget "Noms" */;
			buildPhases = (
				1620DC241ADB4FAE00CDA88A /* Sources */,
				1620DC251ADB4FAE00CDA88A /* Frameworks */,
				1620DC261ADB4FAE00CDA88A /* Resources */,
			);
			buildRules = (
			);
			dependencies = (
			);
			name = Noms;
			productName = Noms;
			productReference = 1620DC281ADB4FAE00CDA88A /* Noms.app */;
			productType = "com.apple.product-type.application";
		};
		1620DC3C1ADB4FAE00CDA88A /* NomsTests */ = {
			isa = PBXNativeTarget;
			buildConfigurationList = 1620DC4A1ADB4FAE00CDA88A /* Build configuration list for PBXNativeTarget "NomsTests" */;
			buildPhases = (
				1620DC391ADB4FAE00CDA88A /* Sources */,
				1620DC3A1ADB4FAE00CDA88A /* Frameworks */,
				1620DC3B1ADB4FAE00CDA88A /* Resources */,
			);
			buildRules = (
			);
			dependencies = (
				1620DC3F1ADB4FAE00CDA88A /* PBXTargetDependency */,
			);
			name = NomsTests;
			productName = NomsTests;
			productReference = 1620DC3D1ADB4FAE00CDA88A /* NomsTests.xctest */;
			productType = "com.apple.product-type.bundle.unit-test";
		};
/* End PBXNativeTarget section */

/* Begin PBXProject section */
		1620DC201ADB4FAE00CDA88A /* Project object */ = {
			isa = PBXProject;
			attributes = {
				LastUpgradeCheck = 0620;
				ORGANIZATIONNAME = COS333;
				TargetAttributes = {
					1620DC271ADB4FAE00CDA88A = {
						CreatedOnToolsVersion = 6.2;
					};
					1620DC3C1ADB4FAE00CDA88A = {
						CreatedOnToolsVersion = 6.2;
						TestTargetID = 1620DC271ADB4FAE00CDA88A;
					};
				};
			};
			buildConfigurationList = 1620DC231ADB4FAE00CDA88A /* Build configuration list for PBXProject "Noms" */;
			compatibilityVersion = "Xcode 3.2";
			developmentRegion = English;
			hasScannedForEncodings = 0;
			knownRegions = (
				en,
				Base,
			);
			mainGroup = 1620DC1F1ADB4FAE00CDA88A;
			productRefGroup = 1620DC291ADB4FAE00CDA88A /* Products */;
			projectDirPath = "";
			projectRoot = "";
			targets = (
				1620DC271ADB4FAE00CDA88A /* Noms */,
				1620DC3C1ADB4FAE00CDA88A /* NomsTests */,
			);
		};
/* End PBXProject section */

/* Begin PBXResourcesBuildPhase section */
		1620DC261ADB4FAE00CDA88A /* Resources */ = {
			isa = PBXResourcesBuildPhase;
			buildActionMask = 2147483647;
			files = (
				1620DC331ADB4FAE00CDA88A /* Main.storyboard in Resources */,
				1620DC381ADB4FAE00CDA88A /* LaunchScreen.xib in Resources */,
				1620DC351ADB4FAE00CDA88A /* Images.xcassets in Resources */,
			);
			runOnlyForDeploymentPostprocessing = 0;
		};
		1620DC3B1ADB4FAE00CDA88A /* Resources */ = {
			isa = PBXResourcesBuildPhase;
			buildActionMask = 2147483647;
			files = (
			);
			runOnlyForDeploymentPostprocessing = 0;
		};
/* End PBXResourcesBuildPhase section */

/* Begin PBXSourcesBuildPhase section */
		1620DC241ADB4FAE00CDA88A /* Sources */ = {
			isa = PBXSourcesBuildPhase;
			buildActionMask = 2147483647;
			files = (
				1620DC711ADB562B00CDA88A /* ViewController.swift in Sources */,
				1620DC771ADCF44400CDA88A /* PreferenceMenuViewController.swift in Sources */,
				D185B3AE1AF33BB6002C4BF3 /* OptionalMenuTableViewController.swift in Sources */,
				1620DC2E1ADB4FAE00CDA88A /* AppDelegate.swift in Sources */,
				164FD0101ADF9DAC00E02B2F /* NameProfileViewController.swift in Sources */,
				163245311AE5EA6700D188A9 /* ProfileListViewController.swift in Sources */,
				1620DC731ADB566400CDA88A /* LogInViewController.swift in Sources */,
				16DEA5FA1AEDDAEF0010A4B6 /* RestaurantDetailViewController.swift in Sources */,
				1620DC751ADB689F00CDA88A /* CreateUserViewController.swift in Sources */,
			);
			runOnlyForDeploymentPostprocessing = 0;
		};
		1620DC391ADB4FAE00CDA88A /* Sources */ = {
			isa = PBXSourcesBuildPhase;
			buildActionMask = 2147483647;
			files = (
				1620DC441ADB4FAE00CDA88A /* NomsTests.swift in Sources */,
			);
			runOnlyForDeploymentPostprocessing = 0;
		};
/* End PBXSourcesBuildPhase section */

/* Begin PBXTargetDependency section */
		1620DC3F1ADB4FAE00CDA88A /* PBXTargetDependency */ = {
			isa = PBXTargetDependency;
			target = 1620DC271ADB4FAE00CDA88A /* Noms */;
			targetProxy = 1620DC3E1ADB4FAE00CDA88A /* PBXContainerItemProxy */;
		};
/* End PBXTargetDependency section */

/* Begin PBXVariantGroup section */
		1620DC311ADB4FAE00CDA88A /* Main.storyboard */ = {
			isa = PBXVariantGroup;
			children = (
				1620DC321ADB4FAE00CDA88A /* Base */,
			);
			name = Main.storyboard;
			sourceTree = "<group>";
		};
		1620DC361ADB4FAE00CDA88A /* LaunchScreen.xib */ = {
			isa = PBXVariantGroup;
			children = (
				1620DC371ADB4FAE00CDA88A /* Base */,
			);
			name = LaunchScreen.xib;
			sourceTree = "<group>";
		};
/* End PBXVariantGroup section */

/* Begin XCBuildConfiguration section */
		1620DC451ADB4FAE00CDA88A /* Debug */ = {
			isa = XCBuildConfiguration;
			buildSettings = {
				ALWAYS_SEARCH_USER_PATHS = NO;
				CLANG_CXX_LANGUAGE_STANDARD = "gnu++0x";
				CLANG_CXX_LIBRARY = "libc++";
				CLANG_ENABLE_MODULES = YES;
				CLANG_ENABLE_OBJC_ARC = YES;
				CLANG_WARN_BOOL_CONVERSION = YES;
				CLANG_WARN_CONSTANT_CONVERSION = YES;
				CLANG_WARN_DIRECT_OBJC_ISA_USAGE = YES_ERROR;
				CLANG_WARN_EMPTY_BODY = YES;
				CLANG_WARN_ENUM_CONVERSION = YES;
				CLANG_WARN_INT_CONVERSION = YES;
				CLANG_WARN_OBJC_ROOT_CLASS = YES_ERROR;
				CLANG_WARN_UNREACHABLE_CODE = YES;
				CLANG_WARN__DUPLICATE_METHOD_MATCH = YES;
				"CODE_SIGN_IDENTITY[sdk=iphoneos*]" = "iPhone Developer";
				COPY_PHASE_STRIP = NO;
				ENABLE_STRICT_OBJC_MSGSEND = YES;
				GCC_C_LANGUAGE_STANDARD = gnu99;
				GCC_DYNAMIC_NO_PIC = NO;
				GCC_OPTIMIZATION_LEVEL = 0;
				GCC_PREPROCESSOR_DEFINITIONS = (
					"DEBUG=1",
					"$(inherited)",
				);
				GCC_SYMBOLS_PRIVATE_EXTERN = NO;
				GCC_WARN_64_TO_32_BIT_CONVERSION = YES;
				GCC_WARN_ABOUT_RETURN_TYPE = YES_ERROR;
				GCC_WARN_UNDECLARED_SELECTOR = YES;
				GCC_WARN_UNINITIALIZED_AUTOS = YES_AGGRESSIVE;
				GCC_WARN_UNUSED_FUNCTION = YES;
				GCC_WARN_UNUSED_VARIABLE = YES;
				IPHONEOS_DEPLOYMENT_TARGET = 8.2;
				MTL_ENABLE_DEBUG_INFO = YES;
				ONLY_ACTIVE_ARCH = YES;
				SDKROOT = iphoneos;
				SWIFT_OPTIMIZATION_LEVEL = "-Onone";
				TARGETED_DEVICE_FAMILY = "1,2";
			};
			name = Debug;
		};
		1620DC461ADB4FAE00CDA88A /* Release */ = {
			isa = XCBuildConfiguration;
			buildSettings = {
				ALWAYS_SEARCH_USER_PATHS = NO;
				CLANG_CXX_LANGUAGE_STANDARD = "gnu++0x";
				CLANG_CXX_LIBRARY = "libc++";
				CLANG_ENABLE_MODULES = YES;
				CLANG_ENABLE_OBJC_ARC = YES;
				CLANG_WARN_BOOL_CONVERSION = YES;
				CLANG_WARN_CONSTANT_CONVERSION = YES;
				CLANG_WARN_DIRECT_OBJC_ISA_USAGE = YES_ERROR;
				CLANG_WARN_EMPTY_BODY = YES;
				CLANG_WARN_ENUM_CONVERSION = YES;
				CLANG_WARN_INT_CONVERSION = YES;
				CLANG_WARN_OBJC_ROOT_CLASS = YES_ERROR;
				CLANG_WARN_UNREACHABLE_CODE = YES;
				CLANG_WARN__DUPLICATE_METHOD_MATCH = YES;
				"CODE_SIGN_IDENTITY[sdk=iphoneos*]" = "iPhone Developer";
				COPY_PHASE_STRIP = NO;
				ENABLE_NS_ASSERTIONS = NO;
				ENABLE_STRICT_OBJC_MSGSEND = YES;
				GCC_C_LANGUAGE_STANDARD = gnu99;
				GCC_WARN_64_TO_32_BIT_CONVERSION = YES;
				GCC_WARN_ABOUT_RETURN_TYPE = YES_ERROR;
				GCC_WARN_UNDECLARED_SELECTOR = YES;
				GCC_WARN_UNINITIALIZED_AUTOS = YES_AGGRESSIVE;
				GCC_WARN_UNUSED_FUNCTION = YES;
				GCC_WARN_UNUSED_VARIABLE = YES;
				IPHONEOS_DEPLOYMENT_TARGET = 8.2;
				MTL_ENABLE_DEBUG_INFO = NO;
				SDKROOT = iphoneos;
				TARGETED_DEVICE_FAMILY = "1,2";
				VALIDATE_PRODUCT = YES;
			};
			name = Release;
		};
		1620DC481ADB4FAE00CDA88A /* Debug */ = {
			isa = XCBuildConfiguration;
			buildSettings = {
				ASSETCATALOG_COMPILER_APPICON_NAME = AppIcon;
				CLANG_ENABLE_MODULES = YES;
				FRAMEWORK_SEARCH_PATHS = (
					"$(inherited)",
					"$(PROJECT_DIR)",
				);
				INFOPLIST_FILE = Noms/Info.plist;
				LD_RUNPATH_SEARCH_PATHS = "$(inherited) @executable_path/Frameworks";
				PRODUCT_NAME = "$(TARGET_NAME)";
				SWIFT_OPTIMIZATION_LEVEL = "-Onone";
			};
			name = Debug;
		};
		1620DC491ADB4FAE00CDA88A /* Release */ = {
			isa = XCBuildConfiguration;
			buildSettings = {
				ASSETCATALOG_COMPILER_APPICON_NAME = AppIcon;
				CLANG_ENABLE_MODULES = YES;
				FRAMEWORK_SEARCH_PATHS = (
					"$(inherited)",
					"$(PROJECT_DIR)",
				);
				INFOPLIST_FILE = Noms/Info.plist;
				LD_RUNPATH_SEARCH_PATHS = "$(inherited) @executable_path/Frameworks";
				PRODUCT_NAME = "$(TARGET_NAME)";
			};
			name = Release;
		};
		1620DC4B1ADB4FAE00CDA88A /* Debug */ = {
			isa = XCBuildConfiguration;
			buildSettings = {
				BUNDLE_LOADER = "$(TEST_HOST)";
				FRAMEWORK_SEARCH_PATHS = (
					"$(SDKROOT)/Developer/Library/Frameworks",
					"$(inherited)",
				);
				GCC_PREPROCESSOR_DEFINITIONS = (
					"DEBUG=1",
					"$(inherited)",
				);
				INFOPLIST_FILE = NomsTests/Info.plist;
				LD_RUNPATH_SEARCH_PATHS = "$(inherited) @executable_path/Frameworks @loader_path/Frameworks";
				PRODUCT_NAME = "$(TARGET_NAME)";
				TEST_HOST = "$(BUILT_PRODUCTS_DIR)/Noms.app/Noms";
			};
			name = Debug;
		};
		1620DC4C1ADB4FAE00CDA88A /* Release */ = {
			isa = XCBuildConfiguration;
			buildSettings = {
				BUNDLE_LOADER = "$(TEST_HOST)";
				FRAMEWORK_SEARCH_PATHS = (
					"$(SDKROOT)/Developer/Library/Frameworks",
					"$(inherited)",
				);
				INFOPLIST_FILE = NomsTests/Info.plist;
				LD_RUNPATH_SEARCH_PATHS = "$(inherited) @executable_path/Frameworks @loader_path/Frameworks";
				PRODUCT_NAME = "$(TARGET_NAME)";
				TEST_HOST = "$(BUILT_PRODUCTS_DIR)/Noms.app/Noms";
			};
			name = Release;
		};
/* End XCBuildConfiguration section */

/* Begin XCConfigurationList section */
		1620DC231ADB4FAE00CDA88A /* Build configuration list for PBXProject "Noms" */ = {
			isa = XCConfigurationList;
			buildConfigurations = (
				1620DC451ADB4FAE00CDA88A /* Debug */,
				1620DC461ADB4FAE00CDA88A /* Release */,
			);
			defaultConfigurationIsVisible = 0;
			defaultConfigurationName = Release;
		};
		1620DC471ADB4FAE00CDA88A /* Build configuration list for PBXNativeTarget "Noms" */ = {
			isa = XCConfigurationList;
			buildConfigurations = (
				1620DC481ADB4FAE00CDA88A /* Debug */,
				1620DC491ADB4FAE00CDA88A /* Release */,
			);
			defaultConfigurationIsVisible = 0;
			defaultConfigurationName = Release;
		};
		1620DC4A1ADB4FAE00CDA88A /* Build configuration list for PBXNativeTarget "NomsTests" */ = {
			isa = XCConfigurationList;
			buildConfigurations = (
				1620DC4B1ADB4FAE00CDA88A /* Debug */,
				1620DC4C1ADB4FAE00CDA88A /* Release */,
			);
			defaultConfigurationIsVisible = 0;
			defaultConfigurationName = Release;
		};
/* End XCConfigurationList section */
	};
	rootObject = 1620DC201ADB4FAE00CDA88A /* Project object */;
}
